
Microsoft Visual Studio Solution File, Format Version 12.00
# Visual Studio Version 16
VisualStudioVersion = 16.0.29613.14
MinimumVisualStudioVersion = 10.0.40219.1
Project("{FAE04EC0-301F-11D3-BF4B-00C04F79EFBC}") = "lianjia", "lianjia\lianjia.csproj", "{CC212151-F79D-4F45-97A2-BD3CD0241B57}"
EndProject
Global
	GlobalSection(SolutionConfigurationPlatforms) = preSolution
		Debug|Any CPU = Debug|Any CPU
		Release|Any CPU = Release|Any CPU
	EndGlobalSection
	GlobalSection(ProjectConfigurationPlatforms) = postSolution
		{CC212151-F79D-4F45-97A2-BD3CD0241B57}.Debug|Any CPU.ActiveCfg = Debug|Any CPU
		{CC212151-F79D-4F45-97A2-BD3CD0241B57}.Debug|Any CPU.Build.0 = Debug|Any CPU
		{CC212151-F79D-4F45-97A2-BD3CD0241B57}.Release|Any CPU.ActiveCfg = Release|Any CPU
		{CC212151-F79D-4F45-97A2-BD3CD0241B57}.Release|Any CPU.Build.0 = Release|Any CPU
	EndGlobalSection
	GlobalSection(SolutionProperties) = preSolution
		HideSolutionNode = FALSE
	EndGlobalSection
	GlobalSection(ExtensibilityGlobals) = postSolution
		SolutionGuid = {214727DC-E549-48A2-8C47-A782F1D075BD}
	EndGlobalSection
EndGlobal
